
Microsoft Visual Studio Solution File, Format Version 12.00
# Visual Studio 15
VisualStudioVersion = 15.0.27703.2035
MinimumVisualStudioVersion = 10.0.40219.1
Project("{FAE04EC0-301F-11D3-BF4B-00C04F79EFBC}") = "PartyInvites", "PartyInvites\PartyInvites.csproj", "{9ECD9AB3-EB11-4EA8-A862-A23B1CAF0C0C}"
EndProject
Global
	GlobalSection(SolutionConfigurationPlatforms) = preSolution
		Debug|Any CPU = Debug|Any CPU
		Release|Any CPU = Release|Any CPU
	EndGlobalSection
	GlobalSection(ProjectConfigurationPlatforms) = postSolution
		{9ECD9AB3-EB11-4EA8-A862-A23B1CAF0C0C}.Debug|Any CPU.ActiveCfg = Debug|Any CPU
		{9ECD9AB3-EB11-4EA8-A862-A23B1CAF0C0C}.Debug|Any CPU.Build.0 = Debug|Any CPU
		{9ECD9AB3-EB11-4EA8-A862-A23B1CAF0C0C}.Release|Any CPU.ActiveCfg = Release|Any CPU
		{9ECD9AB3-EB11-4EA8-A862-A23B1CAF0C0C}.Release|Any CPU.Build.0 = Release|Any CPU
	EndGlobalSection
	GlobalSection(SolutionProperties) = preSolution
		HideSolutionNode = FALSE
	EndGlobalSection
	GlobalSection(ExtensibilityGlobals) = postSolution
		SolutionGuid = {E2416473-C307-4969-98D0-8DE312F6E515}
	EndGlobalSection
EndGlobal
